
Microsoft Visual Studio Solution File, Format Version 12.00
# Visual Studio 2017
Project("{FAE04EC0-301F-11D3-BF4B-00C04F79EFBC}") = "IOTProject", "IOTProject.csproj", "{E3ACE7A8-19E8-8660-4E12-08E83DBFAB70}"
EndProject
Global
	GlobalSection(SolutionConfigurationPlatforms) = preSolution
		Debug|Any CPU = Debug|Any CPU
		Release|Any CPU = Release|Any CPU
	EndGlobalSection
	GlobalSection(ProjectConfigurationPlatforms) = postSolution
		{E3ACE7A8-19E8-8660-4E12-08E83DBFAB70}.Debug|Any CPU.ActiveCfg = Debug|Any CPU
		{E3ACE7A8-19E8-8660-4E12-08E83DBFAB70}.Debug|Any CPU.Build.0 = Debug|Any CPU
		{E3ACE7A8-19E8-8660-4E12-08E83DBFAB70}.Release|Any CPU.ActiveCfg = Release|Any CPU
		{E3ACE7A8-19E8-8660-4E12-08E83DBFAB70}.Release|Any CPU.Build.0 = Release|Any CPU
	EndGlobalSection
	GlobalSection(SolutionProperties) = preSolution
		HideSolutionNode = FALSE
	EndGlobalSection
EndGlobal
